// !$*UTF8*$!
{
	archiveVersion = 1;
	classes = {
	};
	objectVersion = 51;
	objects = {

/* Begin PBXBuildFile section */
		126D711176842D8DDA80F878 /* Pods_Test3Tests.framework in Frameworks */ = {isa = PBXBuildFile; fileRef = 90F4FAE4DA75CB385FBBBC34 /* Pods_Test3Tests.framework */; };
		59274ADB22F7C14900C259BE /* AppDelegate.m in Sources */ = {isa = PBXBuildFile; fileRef = 59274ADA22F7C14900C259BE /* AppDelegate.m */; };
		59274ADE22F7C14900C259BE /* ViewController.m in Sources */ = {isa = PBXBuildFile; fileRef = 59274ADD22F7C14900C259BE /* ViewController.m */; };
		59274AE122F7C14900C259BE /* Main.storyboard in Resources */ = {isa = PBXBuildFile; fileRef = 59274ADF22F7C14900C259BE /* Main.storyboard */; };
		59274AE422F7C14900C259BE /* Test3.xcdatamodeld in Sources */ = {isa = PBXBuildFile; fileRef = 59274AE222F7C14900C259BE /* Test3.xcdatamodeld */; };
		59274AE622F7C14A00C259BE /* Assets.xcassets in Resources */ = {isa = PBXBuildFile; fileRef = 59274AE522F7C14A00C259BE /* Assets.xcassets */; };
		59274AE922F7C14A00C259BE /* LaunchScreen.storyboard in Resources */ = {isa = PBXBuildFile; fileRef = 59274AE722F7C14A00C259BE /* LaunchScreen.storyboard */; };
		59274AEC22F7C14A00C259BE /* main.m in Sources */ = {isa = PBXBuildFile; fileRef = 59274AEB22F7C14A00C259BE /* main.m */; };
		59274AF622F7C14A00C259BE /* Test3Tests.m in Sources */ = {isa = PBXBuildFile; fileRef = 59274AF522F7C14A00C259BE /* Test3Tests.m */; };
		59274B0122F7C14B00C259BE /* Test3UITests.m in Sources */ = {isa = PBXBuildFile; fileRef = 59274B0022F7C14B00C259BE /* Test3UITests.m */; };
		59274B8F22F7D92A00C259BE /* BTErrors.m in Sources */ = {isa = PBXBuildFile; fileRef = 59274B5F22F7D92A00C259BE /* BTErrors.m */; };
		59274B9022F7D92A00C259BE /* BTAnalyticsMetadata.m in Sources */ = {isa = PBXBuildFile; fileRef = 59274B6022F7D92A00C259BE /* BTAnalyticsMetadata.m */; };
		59274B9122F7D92A00C259BE /* BTClientToken.m in Sources */ = {isa = PBXBuildFile; fileRef = 59274B6122F7D92A00C259BE /* BTClientToken.m */; };
		59274B9222F7D92A00C259BE /* BTJSON.m in Sources */ = {isa = PBXBuildFile; fileRef = 59274B6322F7D92A00C259BE /* BTJSON.m */; };
		59274B9322F7D92A00C259BE /* BTBinData.m in Sources */ = {isa = PBXBuildFile; fileRef = 59274B6422F7D92A00C259BE /* BTBinData.m */; };
		59274B9422F7D92A00C259BE /* BTURLUtils.m in Sources */ = {isa = PBXBuildFile; fileRef = 59274B6622F7D92A00C259BE /* BTURLUtils.m */; };
		59274B9522F7D92A00C259BE /* BTAPIClient.m in Sources */ = {isa = PBXBuildFile; fileRef = 59274B6722F7D92A00C259BE /* BTAPIClient.m */; };
		59274B9622F7D92A00C259BE /* BTAnalyticsService.m in Sources */ = {isa = PBXBuildFile; fileRef = 59274B6822F7D92A00C259BE /* BTAnalyticsService.m */; };
		59274B9722F7D92A00C259BE /* BTPaymentMethodNonceParser.m in Sources */ = {isa = PBXBuildFile; fileRef = 59274B6922F7D92A00C259BE /* BTPaymentMethodNonceParser.m */; };
		59274B9822F7D92A00C259BE /* BTAppSwitch.m in Sources */ = {isa = PBXBuildFile; fileRef = 59274B6A22F7D92A00C259BE /* BTAppSwitch.m */; };
		59274B9922F7D92A00C259BE /* BTPaymentMethodNonce.m in Sources */ = {isa = PBXBuildFile; fileRef = 59274B6B22F7D92A00C259BE /* BTPaymentMethodNonce.m */; };
		59274B9A22F7D92A00C259BE /* BTTokenizationService.m in Sources */ = {isa = PBXBuildFile; fileRef = 59274B6C22F7D92A00C259BE /* BTTokenizationService.m */; };
		59274B9B22F7D92A00C259BE /* BTHTTPErrors.m in Sources */ = {isa = PBXBuildFile; fileRef = 59274B6D22F7D92A00C259BE /* BTHTTPErrors.m */; };
		59274B9C22F7D92A00C259BE /* BTHTTP.m in Sources */ = {isa = PBXBuildFile; fileRef = 59274B6E22F7D92A00C259BE /* BTHTTP.m */; };
		59274B9D22F7D92A00C259BE /* BTAPIHTTP.m in Sources */ = {isa = PBXBuildFile; fileRef = 59274B6F22F7D92A00C259BE /* BTAPIHTTP.m */; };
		59274B9E22F7D92A00C259BE /* BTPostalAddress.m in Sources */ = {isa = PBXBuildFile; fileRef = 59274B7022F7D92A00C259BE /* BTPostalAddress.m */; };
		59274B9F22F7D92A00C259BE /* BTLogger.m in Sources */ = {isa = PBXBuildFile; fileRef = 59274B8322F7D92A00C259BE /* BTLogger.m */; };
		59274BA022F7D92A00C259BE /* BTKeychain.m in Sources */ = {isa = PBXBuildFile; fileRef = 59274B8422F7D92A00C259BE /* BTKeychain.m */; };
		59274BA122F7D92A00C259BE /* BTAPIPinnedCertificates.m in Sources */ = {isa = PBXBuildFile; fileRef = 59274B8522F7D92A00C259BE /* BTAPIPinnedCertificates.m */; };
		59274BA222F7D92A00C259BE /* BTGraphQLHTTP.m in Sources */ = {isa = PBXBuildFile; fileRef = 59274B8822F7D92A00C259BE /* BTGraphQLHTTP.m */; };
		59274BA322F7D92A00C259BE /* BTClientMetadata.m in Sources */ = {isa = PBXBuildFile; fileRef = 59274B8922F7D92A00C259BE /* BTClientMetadata.m */; };
		59274BA422F7D92A00C259BE /* Info-orig.plist in Resources */ = {isa = PBXBuildFile; fileRef = 59274B8A22F7D92A00C259BE /* Info-orig.plist */; };
		59274BA522F7D92A00C259BE /* BTConfiguration.m in Sources */ = {isa = PBXBuildFile; fileRef = 59274B8E22F7D92A00C259BE /* BTConfiguration.m */; };
		59274BB822F7D94D00C259BE /* BTConfiguration+Card.m in Sources */ = {isa = PBXBuildFile; fileRef = 59274BA722F7D94D00C259BE /* BTConfiguration+Card.m */; };
		59274BB922F7D94D00C259BE /* BTCardNonce.m in Sources */ = {isa = PBXBuildFile; fileRef = 59274BA822F7D94D00C259BE /* BTCardNonce.m */; };
		59274BBA22F7D94D00C259BE /* BTCardRequest.m in Sources */ = {isa = PBXBuildFile; fileRef = 59274BAC22F7D94D00C259BE /* BTCardRequest.m */; };
		59274BBB22F7D94D00C259BE /* BTCardClient.m in Sources */ = {isa = PBXBuildFile; fileRef = 59274BAD22F7D94D00C259BE /* BTCardClient.m */; };
		59274BBC22F7D94D00C259BE /* BTCard.m in Sources */ = {isa = PBXBuildFile; fileRef = 59274BAE22F7D94D00C259BE /* BTCard.m */; };
		59274BBD22F7D94D00C259BE /* BTThreeDSecureInfo.m in Sources */ = {isa = PBXBuildFile; fileRef = 59274BB622F7D94D00C259BE /* BTThreeDSecureInfo.m */; };
		59274BC122F7F48200C259BE /* BraintreeDemoMerchantAPI.m in Sources */ = {isa = PBXBuildFile; fileRef = 59274BBF22F7F48200C259BE /* BraintreeDemoMerchantAPI.m */; };
		59274BD322F7F7E800C259BE /* BraintreeDemoSettings.m in Sources */ = {isa = PBXBuildFile; fileRef = 59274BC422F7F7E800C259BE /* BraintreeDemoSettings.m */; };
		59274BD422F7F7E800C259BE /* Settings.bundle in Resources */ = {isa = PBXBuildFile; fileRef = 59274BC522F7F7E800C259BE /* Settings.bundle */; };
		59274BD522F7F7E800C259BE /* BraintreeDemoIntegrationViewController.m in Sources */ = {isa = PBXBuildFile; fileRef = 59274BC722F7F7E800C259BE /* BraintreeDemoIntegrationViewController.m */; };
		59274BD622F7F7E800C259BE /* BraintreeDemoDemoContainmentViewController.m in Sources */ = {isa = PBXBuildFile; fileRef = 59274BC822F7F7E800C259BE /* BraintreeDemoDemoContainmentViewController.m */; };
		59274BD722F7F7E800C259BE /* BraintreeDemoPaymentButtonBaseViewController.m in Sources */ = {isa = PBXBuildFile; fileRef = 59274BCA22F7F7E800C259BE /* BraintreeDemoPaymentButtonBaseViewController.m */; };
		59274BD822F7F7E800C259BE /* BraintreeDemoBaseViewController.m in Sources */ = {isa = PBXBuildFile; fileRef = 59274BCB22F7F7E800C259BE /* BraintreeDemoBaseViewController.m */; };
		59274BD922F7F7E800C259BE /* BraintreeDemoAppDelegate.m in Sources */ = {isa = PBXBuildFile; fileRef = 59274BCE22F7F7E800C259BE /* BraintreeDemoAppDelegate.m */; };
		59274BDA22F7F7E800C259BE /* Launch Screen.storyboard in Resources */ = {isa = PBXBuildFile; fileRef = 59274BD222F7F7E800C259BE /* Launch Screen.storyboard */; };
		6BBC1247B708440387C30E76 /* Pods_Test3UITests.framework in Frameworks */ = {isa = PBXBuildFile; fileRef = DC4FE6CAAD1DD8FCD6891805 /* Pods_Test3UITests.framework */; };
		E572D24E8F10108E42D03F67 /* Pods_Test3.framework in Frameworks */ = {isa = PBXBuildFile; fileRef = 59D6FB162BFAAB6768A8E2DD /* Pods_Test3.framework */; };
/* End PBXBuildFile section */

/* Begin PBXContainerItemProxy section */
		59274AF222F7C14A00C259BE /* PBXContainerItemProxy */ = {
			isa = PBXContainerItemProxy;
			containerPortal = 59274ACE22F7C14900C259BE /* Project object */;
			proxyType = 1;
			remoteGlobalIDString = 59274AD522F7C14900C259BE;
			remoteInfo = Test3;
		};
		59274AFD22F7C14B00C259BE /* PBXContainerItemProxy */ = {
			isa = PBXContainerItemProxy;
			containerPortal = 59274ACE22F7C14900C259BE /* Project object */;
			proxyType = 1;
			remoteGlobalIDString = 59274AD522F7C14900C259BE;
			remoteInfo = Test3;
		};
/* End PBXContainerItemProxy section */

/* Begin PBXFileReference section */
		057E86F8C9B7ADD525659640 /* Pods-Test3Tests.debug.xcconfig */ = {isa = PBXFileReference; includeInIndex = 1; lastKnownFileType = text.xcconfig; name = "Pods-Test3Tests.debug.xcconfig"; path = "Target Support Files/Pods-Test3Tests/Pods-Test3Tests.debug.xcconfig"; sourceTree = "<group>"; };
		1D6998733A28D304A558B59E /* Pods-Test3UITests.release.xcconfig */ = {isa = PBXFileReference; includeInIndex = 1; lastKnownFileType = text.xcconfig; name = "Pods-Test3UITests.release.xcconfig"; path = "Target Support Files/Pods-Test3UITests/Pods-Test3UITests.release.xcconfig"; sourceTree = "<group>"; };
		4DEB40CF2B94E0124B1CDFDD /* Pods-Test3.release.xcconfig */ = {isa = PBXFileReference; includeInIndex = 1; lastKnownFileType = text.xcconfig; name = "Pods-Test3.release.xcconfig"; path = "Target Support Files/Pods-Test3/Pods-Test3.release.xcconfig"; sourceTree = "<group>"; };
		59274AD622F7C14900C259BE /* Test3.app */ = {isa = PBXFileReference; explicitFileType = wrapper.application; includeInIndex = 0; path = Test3.app; sourceTree = BUILT_PRODUCTS_DIR; };
		59274AD922F7C14900C259BE /* AppDelegate.h */ = {isa = PBXFileReference; lastKnownFileType = sourcecode.c.h; path = AppDelegate.h; sourceTree = "<group>"; };
		59274ADA22F7C14900C259BE /* AppDelegate.m */ = {isa = PBXFileReference; lastKnownFileType = sourcecode.c.objc; path = AppDelegate.m; sourceTree = "<group>"; };
		59274ADC22F7C14900C259BE /* ViewController.h */ = {isa = PBXFileReference; lastKnownFileType = sourcecode.c.h; path = ViewController.h; sourceTree = "<group>"; };
		59274ADD22F7C14900C259BE /* ViewController.m */ = {isa = PBXFileReference; lastKnownFileType = sourcecode.c.objc; path = ViewController.m; sourceTree = "<group>"; };
		59274AE022F7C14900C259BE /* Base */ = {isa = PBXFileReference; lastKnownFileType = file.storyboard; name = Base; path = Base.lproj/Main.storyboard; sourceTree = "<group>"; };
		59274AE322F7C14900C259BE /* Test3.xcdatamodel */ = {isa = PBXFileReference; lastKnownFileType = wrapper.xcdatamodel; path = Test3.xcdatamodel; sourceTree = "<group>"; };
		59274AE522F7C14A00C259BE /* Assets.xcassets */ = {isa = PBXFileReference; lastKnownFileType = folder.assetcatalog; path = Assets.xcassets; sourceTree = "<group>"; };
		59274AE822F7C14A00C259BE /* Base */ = {isa = PBXFileReference; lastKnownFileType = file.storyboard; name = Base; path = Base.lproj/LaunchScreen.storyboard; sourceTree = "<group>"; };
		59274AEA22F7C14A00C259BE /* Info.plist */ = {isa = PBXFileReference; lastKnownFileType = text.plist.xml; path = Info.plist; sourceTree = "<group>"; };
		59274AEB22F7C14A00C259BE /* main.m */ = {isa = PBXFileReference; lastKnownFileType = sourcecode.c.objc; path = main.m; sourceTree = "<group>"; };
		59274AF122F7C14A00C259BE /* Test3Tests.xctest */ = {isa = PBXFileReference; explicitFileType = wrapper.cfbundle; includeInIndex = 0; path = Test3Tests.xctest; sourceTree = BUILT_PRODUCTS_DIR; };
		59274AF522F7C14A00C259BE /* Test3Tests.m */ = {isa = PBXFileReference; lastKnownFileType = sourcecode.c.objc; path = Test3Tests.m; sourceTree = "<group>"; };
		59274AF722F7C14A00C259BE /* Info.plist */ = {isa = PBXFileReference; lastKnownFileType = text.plist.xml; path = Info.plist; sourceTree = "<group>"; };
		59274AFC22F7C14B00C259BE /* Test3UITests.xctest */ = {isa = PBXFileReference; explicitFileType = wrapper.cfbundle; includeInIndex = 0; path = Test3UITests.xctest; sourceTree = BUILT_PRODUCTS_DIR; };
		59274B0022F7C14B00C259BE /* Test3UITests.m */ = {isa = PBXFileReference; lastKnownFileType = sourcecode.c.objc; path = Test3UITests.m; sourceTree = "<group>"; };
		59274B0222F7C14B00C259BE /* Info.plist */ = {isa = PBXFileReference; lastKnownFileType = text.plist.xml; path = Info.plist; sourceTree = "<group>"; };
		59274B5B22F7D92A00C259BE /* BTKeychain.h */ = {isa = PBXFileReference; fileEncoding = 4; lastKnownFileType = sourcecode.c.h; path = BTKeychain.h; sourceTree = "<group>"; };
		59274B5C22F7D92A00C259BE /* BTAPIHTTP.h */ = {isa = PBXFileReference; fileEncoding = 4; lastKnownFileType = sourcecode.c.h; path = BTAPIHTTP.h; sourceTree = "<group>"; };
		59274B5D22F7D92A00C259BE /* BTHTTP.h */ = {isa = PBXFileReference; fileEncoding = 4; lastKnownFileType = sourcecode.c.h; path = BTHTTP.h; sourceTree = "<group>"; };
		59274B5E22F7D92A00C259BE /* BTLogger_Internal.h */ = {isa = PBXFileReference; fileEncoding = 4; lastKnownFileType = sourcecode.c.h; path = BTLogger_Internal.h; sourceTree = "<group>"; };
		59274B5F22F7D92A00C259BE /* BTErrors.m */ = {isa = PBXFileReference; fileEncoding = 4; lastKnownFileType = sourcecode.c.objc; path = BTErrors.m; sourceTree = "<group>"; };
		59274B6022F7D92A00C259BE /* BTAnalyticsMetadata.m */ = {isa = PBXFileReference; fileEncoding = 4; lastKnownFileType = sourcecode.c.objc; path = BTAnalyticsMetadata.m; sourceTree = "<group>"; };
		59274B6122F7D92A00C259BE /* BTClientToken.m */ = {isa = PBXFileReference; fileEncoding = 4; lastKnownFileType = sourcecode.c.objc; path = BTClientToken.m; sourceTree = "<group>"; };
		59274B6222F7D92A00C259BE /* BTAPIPinnedCertificates.h */ = {isa = PBXFileReference; fileEncoding = 4; lastKnownFileType = sourcecode.c.h; path = BTAPIPinnedCertificates.h; sourceTree = "<group>"; };
		59274B6322F7D92A00C259BE /* BTJSON.m */ = {isa = PBXFileReference; fileEncoding = 4; lastKnownFileType = sourcecode.c.objc; path = BTJSON.m; sourceTree = "<group>"; };
		59274B6422F7D92A00C259BE /* BTBinData.m */ = {isa = PBXFileReference; fileEncoding = 4; lastKnownFileType = sourcecode.c.objc; path = BTBinData.m; sourceTree = "<group>"; };
		59274B6522F7D92A00C259BE /* BTGraphQLHTTP.h */ = {isa = PBXFileReference; fileEncoding = 4; lastKnownFileType = sourcecode.c.h; path = BTGraphQLHTTP.h; sourceTree = "<group>"; };
		59274B6622F7D92A00C259BE /* BTURLUtils.m */ = {isa = PBXFileReference; fileEncoding = 4; lastKnownFileType = sourcecode.c.objc; path = BTURLUtils.m; sourceTree = "<group>"; };
		59274B6722F7D92A00C259BE /* BTAPIClient.m */ = {isa = PBXFileReference; fileEncoding = 4; lastKnownFileType = sourcecode.c.objc; path = BTAPIClient.m; sourceTree = "<group>"; };
		59274B6822F7D92A00C259BE /* BTAnalyticsService.m */ = {isa = PBXFileReference; fileEncoding = 4; lastKnownFileType = sourcecode.c.objc; path = BTAnalyticsService.m; sourceTree = "<group>"; };
		59274B6922F7D92A00C259BE /* BTPaymentMethodNonceParser.m */ = {isa = PBXFileReference; fileEncoding = 4; lastKnownFileType = sourcecode.c.objc; path = BTPaymentMethodNonceParser.m; sourceTree = "<group>"; };
		59274B6A22F7D92A00C259BE /* BTAppSwitch.m */ = {isa = PBXFileReference; fileEncoding = 4; lastKnownFileType = sourcecode.c.objc; path = BTAppSwitch.m; sourceTree = "<group>"; };
		59274B6B22F7D92A00C259BE /* BTPaymentMethodNonce.m */ = {isa = PBXFileReference; fileEncoding = 4; lastKnownFileType = sourcecode.c.objc; path = BTPaymentMethodNonce.m; sourceTree = "<group>"; };
		59274B6C22F7D92A00C259BE /* BTTokenizationService.m */ = {isa = PBXFileReference; fileEncoding = 4; lastKnownFileType = sourcecode.c.objc; path = BTTokenizationService.m; sourceTree = "<group>"; };
		59274B6D22F7D92A00C259BE /* BTHTTPErrors.m */ = {isa = PBXFileReference; fileEncoding = 4; lastKnownFileType = sourcecode.c.objc; path = BTHTTPErrors.m; sourceTree = "<group>"; };
		59274B6E22F7D92A00C259BE /* BTHTTP.m */ = {isa = PBXFileReference; fileEncoding = 4; lastKnownFileType = sourcecode.c.objc; path = BTHTTP.m; sourceTree = "<group>"; };
		59274B6F22F7D92A00C259BE /* BTAPIHTTP.m */ = {isa = PBXFileReference; fileEncoding = 4; lastKnownFileType = sourcecode.c.objc; path = BTAPIHTTP.m; sourceTree = "<group>"; };
		59274B7022F7D92A00C259BE /* BTPostalAddress.m */ = {isa = PBXFileReference; fileEncoding = 4; lastKnownFileType = sourcecode.c.objc; path = BTPostalAddress.m; sourceTree = "<group>"; };
		59274B7222F7D92A00C259BE /* BTLogger.h */ = {isa = PBXFileReference; fileEncoding = 4; lastKnownFileType = sourcecode.c.h; path = BTLogger.h; sourceTree = "<group>"; };
		59274B7322F7D92A00C259BE /* BTPostalAddress.h */ = {isa = PBXFileReference; fileEncoding = 4; lastKnownFileType = sourcecode.c.h; path = BTPostalAddress.h; sourceTree = "<group>"; };
		59274B7422F7D92A00C259BE /* BraintreeCore.h */ = {isa = PBXFileReference; fileEncoding = 4; lastKnownFileType = sourcecode.c.h; path = BraintreeCore.h; sourceTree = "<group>"; };
		59274B7522F7D92A00C259BE /* BTClientMetadata.h */ = {isa = PBXFileReference; fileEncoding = 4; lastKnownFileType = sourcecode.c.h; path = BTClientMetadata.h; sourceTree = "<group>"; };
		59274B7622F7D92A00C259BE /* BTConfiguration.h */ = {isa = PBXFileReference; fileEncoding = 4; lastKnownFileType = sourcecode.c.h; path = BTConfiguration.h; sourceTree = "<group>"; };
		59274B7722F7D92A00C259BE /* BTEnums.h */ = {isa = PBXFileReference; fileEncoding = 4; lastKnownFileType = sourcecode.c.h; path = BTEnums.h; sourceTree = "<group>"; };
		59274B7822F7D92A00C259BE /* BTViewControllerPresentingDelegate.h */ = {isa = PBXFileReference; fileEncoding = 4; lastKnownFileType = sourcecode.c.h; path = BTViewControllerPresentingDelegate.h; sourceTree = "<group>"; };
		59274B7922F7D92A00C259BE /* BTJSON.h */ = {isa = PBXFileReference; fileEncoding = 4; lastKnownFileType = sourcecode.c.h; path = BTJSON.h; sourceTree = "<group>"; };
		59274B7A22F7D92A00C259BE /* BTClientToken.h */ = {isa = PBXFileReference; fileEncoding = 4; lastKnownFileType = sourcecode.c.h; path = BTClientToken.h; sourceTree = "<group>"; };
		59274B7B22F7D92A00C259BE /* BTErrors.h */ = {isa = PBXFileReference; fileEncoding = 4; lastKnownFileType = sourcecode.c.h; path = BTErrors.h; sourceTree = "<group>"; };
		59274B7C22F7D92A00C259BE /* BTAPIClient.h */ = {isa = PBXFileReference; fileEncoding = 4; lastKnownFileType = sourcecode.c.h; path = BTAPIClient.h; sourceTree = "<group>"; };
		59274B7D22F7D92A00C259BE /* BTBinData.h */ = {isa = PBXFileReference; fileEncoding = 4; lastKnownFileType = sourcecode.c.h; path = BTBinData.h; sourceTree = "<group>"; };
		59274B7E22F7D92A00C259BE /* BTHTTPErrors.h */ = {isa = PBXFileReference; fileEncoding = 4; lastKnownFileType = sourcecode.c.h; path = BTHTTPErrors.h; sourceTree = "<group>"; };
		59274B7F22F7D92A00C259BE /* BTTokenizationService.h */ = {isa = PBXFileReference; fileEncoding = 4; lastKnownFileType = sourcecode.c.h; path = BTTokenizationService.h; sourceTree = "<group>"; };
		59274B8022F7D92A00C259BE /* BTPaymentMethodNonce.h */ = {isa = PBXFileReference; fileEncoding = 4; lastKnownFileType = sourcecode.c.h; path = BTPaymentMethodNonce.h; sourceTree = "<group>"; };
		59274B8122F7D92A00C259BE /* BTAppSwitch.h */ = {isa = PBXFileReference; fileEncoding = 4; lastKnownFileType = sourcecode.c.h; path = BTAppSwitch.h; sourceTree = "<group>"; };
		59274B8222F7D92A00C259BE /* BTPaymentMethodNonceParser.h */ = {isa = PBXFileReference; fileEncoding = 4; lastKnownFileType = sourcecode.c.h; path = BTPaymentMethodNonceParser.h; sourceTree = "<group>"; };
		59274B8322F7D92A00C259BE /* BTLogger.m */ = {isa = PBXFileReference; fileEncoding = 4; lastKnownFileType = sourcecode.c.objc; path = BTLogger.m; sourceTree = "<group>"; };
		59274B8422F7D92A00C259BE /* BTKeychain.m */ = {isa = PBXFileReference; fileEncoding = 4; lastKnownFileType = sourcecode.c.objc; path = BTKeychain.m; sourceTree = "<group>"; };
		59274B8522F7D92A00C259BE /* BTAPIPinnedCertificates.m */ = {isa = PBXFileReference; fileEncoding = 4; lastKnownFileType = sourcecode.c.objc; path = BTAPIPinnedCertificates.m; sourceTree = "<group>"; };
		59274B8622F7D92A00C259BE /* BTAnalyticsMetadata.h */ = {isa = PBXFileReference; fileEncoding = 4; lastKnownFileType = sourcecode.c.h; path = BTAnalyticsMetadata.h; sourceTree = "<group>"; };
		59274B8722F7D92A00C259BE /* BTURLUtils.h */ = {isa = PBXFileReference; fileEncoding = 4; lastKnownFileType = sourcecode.c.h; path = BTURLUtils.h; sourceTree = "<group>"; };
		59274B8822F7D92A00C259BE /* BTGraphQLHTTP.m */ = {isa = PBXFileReference; fileEncoding = 4; lastKnownFileType = sourcecode.c.objc; path = BTGraphQLHTTP.m; sourceTree = "<group>"; };
		59274B8922F7D92A00C259BE /* BTClientMetadata.m */ = {isa = PBXFileReference; fileEncoding = 4; lastKnownFileType = sourcecode.c.objc; path = BTClientMetadata.m; sourceTree = "<group>"; };
		59274B8A22F7D92A00C259BE /* Info-orig.plist */ = {isa = PBXFileReference; fileEncoding = 4; lastKnownFileType = text.plist.xml; path = "Info-orig.plist"; sourceTree = "<group>"; };
		59274B8B22F7D92A00C259BE /* BTAnalyticsService.h */ = {isa = PBXFileReference; fileEncoding = 4; lastKnownFileType = sourcecode.c.h; path = BTAnalyticsService.h; sourceTree = "<group>"; };
		59274B8C22F7D92A00C259BE /* Braintree-Version.h */ = {isa = PBXFileReference; fileEncoding = 4; lastKnownFileType = sourcecode.c.h; path = "Braintree-Version.h"; sourceTree = "<group>"; };
		59274B8D22F7D92A00C259BE /* BTAPIClient_Internal.h */ = {isa = PBXFileReference; fileEncoding = 4; lastKnownFileType = sourcecode.c.h; path = BTAPIClient_Internal.h; sourceTree = "<group>"; };
		59274B8E22F7D92A00C259BE /* BTConfiguration.m */ = {isa = PBXFileReference; fileEncoding = 4; lastKnownFileType = sourcecode.c.objc; path = BTConfiguration.m; sourceTree = "<group>"; };
		59274BA722F7D94D00C259BE /* BTConfiguration+Card.m */ = {isa = PBXFileReference; fileEncoding = 4; lastKnownFileType = sourcecode.c.objc; path = "BTConfiguration+Card.m"; sourceTree = "<group>"; };
		59274BA822F7D94D00C259BE /* BTCardNonce.m */ = {isa = PBXFileReference; fileEncoding = 4; lastKnownFileType = sourcecode.c.objc; path = BTCardNonce.m; sourceTree = "<group>"; };
		59274BA922F7D94D00C259BE /* BTCard_Internal.h */ = {isa = PBXFileReference; fileEncoding = 4; lastKnownFileType = sourcecode.c.h; path = BTCard_Internal.h; sourceTree = "<group>"; };
		59274BAA22F7D94D00C259BE /* BTConfiguration+Card.h */ = {isa = PBXFileReference; fileEncoding = 4; lastKnownFileType = sourcecode.c.h; path = "BTConfiguration+Card.h"; sourceTree = "<group>"; };
		59274BAB22F7D94D00C259BE /* BTCardNonce_Internal.h */ = {isa = PBXFileReference; fileEncoding = 4; lastKnownFileType = sourcecode.c.h; path = BTCardNonce_Internal.h; sourceTree = "<group>"; };
		59274BAC22F7D94D00C259BE /* BTCardRequest.m */ = {isa = PBXFileReference; fileEncoding = 4; lastKnownFileType = sourcecode.c.objc; path = BTCardRequest.m; sourceTree = "<group>"; };
		59274BAD22F7D94D00C259BE /* BTCardClient.m */ = {isa = PBXFileReference; fileEncoding = 4; lastKnownFileType = sourcecode.c.objc; path = BTCardClient.m; sourceTree = "<group>"; };
		59274BAE22F7D94D00C259BE /* BTCard.m */ = {isa = PBXFileReference; fileEncoding = 4; lastKnownFileType = sourcecode.c.objc; path = BTCard.m; sourceTree = "<group>"; };
		59274BB022F7D94D00C259BE /* BTCard.h */ = {isa = PBXFileReference; fileEncoding = 4; lastKnownFileType = sourcecode.c.h; path = BTCard.h; sourceTree = "<group>"; };
		59274BB122F7D94D00C259BE /* BTCardClient.h */ = {isa = PBXFileReference; fileEncoding = 4; lastKnownFileType = sourcecode.c.h; path = BTCardClient.h; sourceTree = "<group>"; };
		59274BB222F7D94D00C259BE /* BTCardRequest.h */ = {isa = PBXFileReference; fileEncoding = 4; lastKnownFileType = sourcecode.c.h; path = BTCardRequest.h; sourceTree = "<group>"; };
		59274BB322F7D94D00C259BE /* BTThreeDSecureInfo.h */ = {isa = PBXFileReference; fileEncoding = 4; lastKnownFileType = sourcecode.c.h; path = BTThreeDSecureInfo.h; sourceTree = "<group>"; };
		59274BB422F7D94D00C259BE /* BraintreeCard.h */ = {isa = PBXFileReference; fileEncoding = 4; lastKnownFileType = sourcecode.c.h; path = BraintreeCard.h; sourceTree = "<group>"; };
		59274BB522F7D94D00C259BE /* BTCardNonce.h */ = {isa = PBXFileReference; fileEncoding = 4; lastKnownFileType = sourcecode.c.h; path = BTCardNonce.h; sourceTree = "<group>"; };
		59274BB622F7D94D00C259BE /* BTThreeDSecureInfo.m */ = {isa = PBXFileReference; fileEncoding = 4; lastKnownFileType = sourcecode.c.objc; path = BTThreeDSecureInfo.m; sourceTree = "<group>"; };
		59274BB722F7D94D00C259BE /* BTCardClient_Internal.h */ = {isa = PBXFileReference; fileEncoding = 4; lastKnownFileType = sourcecode.c.h; path = BTCardClient_Internal.h; sourceTree = "<group>"; };
		59274BBF22F7F48200C259BE /* BraintreeDemoMerchantAPI.m */ = {isa = PBXFileReference; fileEncoding = 4; lastKnownFileType = sourcecode.c.objc; path = BraintreeDemoMerchantAPI.m; sourceTree = "<group>"; };
		59274BC022F7F48200C259BE /* BraintreeDemoMerchantAPI.h */ = {isa = PBXFileReference; fileEncoding = 4; lastKnownFileType = sourcecode.c.h; path = BraintreeDemoMerchantAPI.h; sourceTree = "<group>"; };
		59274BC422F7F7E800C259BE /* BraintreeDemoSettings.m */ = {isa = PBXFileReference; fileEncoding = 4; lastKnownFileType = sourcecode.c.objc; path = BraintreeDemoSettings.m; sourceTree = "<group>"; };
		59274BC522F7F7E800C259BE /* Settings.bundle */ = {isa = PBXFileReference; lastKnownFileType = "wrapper.plug-in"; path = Settings.bundle; sourceTree = "<group>"; };
		59274BC622F7F7E800C259BE /* BraintreeDemoSettings.h */ = {isa = PBXFileReference; fileEncoding = 4; lastKnownFileType = sourcecode.c.h; path = BraintreeDemoSettings.h; sourceTree = "<group>"; };
		59274BC722F7F7E800C259BE /* BraintreeDemoIntegrationViewController.m */ = {isa = PBXFileReference; fileEncoding = 4; lastKnownFileType = sourcecode.c.objc; path = BraintreeDemoIntegrationViewController.m; sourceTree = "<group>"; };
		59274BC822F7F7E800C259BE /* BraintreeDemoDemoContainmentViewController.m */ = {isa = PBXFileReference; fileEncoding = 4; lastKnownFileType = sourcecode.c.objc; path = BraintreeDemoDemoContainmentViewController.m; sourceTree = "<group>"; };
		59274BCA22F7F7E800C259BE /* BraintreeDemoPaymentButtonBaseViewController.m */ = {isa = PBXFileReference; fileEncoding = 4; lastKnownFileType = sourcecode.c.objc; path = BraintreeDemoPaymentButtonBaseViewController.m; sourceTree = "<group>"; };
		59274BCB22F7F7E800C259BE /* BraintreeDemoBaseViewController.m */ = {isa = PBXFileReference; fileEncoding = 4; lastKnownFileType = sourcecode.c.objc; path = BraintreeDemoBaseViewController.m; sourceTree = "<group>"; };
		59274BCC22F7F7E800C259BE /* BraintreeDemoPaymentButtonBaseViewController.h */ = {isa = PBXFileReference; fileEncoding = 4; lastKnownFileType = sourcecode.c.h; path = BraintreeDemoPaymentButtonBaseViewController.h; sourceTree = "<group>"; };
		59274BCD22F7F7E800C259BE /* BraintreeDemoBaseViewController.h */ = {isa = PBXFileReference; fileEncoding = 4; lastKnownFileType = sourcecode.c.h; path = BraintreeDemoBaseViewController.h; sourceTree = "<group>"; };
		59274BCE22F7F7E800C259BE /* BraintreeDemoAppDelegate.m */ = {isa = PBXFileReference; fileEncoding = 4; lastKnownFileType = sourcecode.c.objc; path = BraintreeDemoAppDelegate.m; sourceTree = "<group>"; };
		59274BCF22F7F7E800C259BE /* BraintreeDemoDemoContainmentViewController.h */ = {isa = PBXFileReference; fileEncoding = 4; lastKnownFileType = sourcecode.c.h; path = BraintreeDemoDemoContainmentViewController.h; sourceTree = "<group>"; };
		59274BD022F7F7E800C259BE /* BraintreeDemoIntegrationViewController.h */ = {isa = PBXFileReference; fileEncoding = 4; lastKnownFileType = sourcecode.c.h; path = BraintreeDemoIntegrationViewController.h; sourceTree = "<group>"; };
		59274BD122F7F7E800C259BE /* BraintreeDemoAppDelegate.h */ = {isa = PBXFileReference; fileEncoding = 4; lastKnownFileType = sourcecode.c.h; path = BraintreeDemoAppDelegate.h; sourceTree = "<group>"; };
		59274BD222F7F7E800C259BE /* Launch Screen.storyboard */ = {isa = PBXFileReference; fileEncoding = 4; lastKnownFileType = file.storyboard; path = "Launch Screen.storyboard"; sourceTree = "<group>"; };
		59D6FB162BFAAB6768A8E2DD /* Pods_Test3.framework */ = {isa = PBXFileReference; explicitFileType = wrapper.framework; includeInIndex = 0; path = Pods_Test3.framework; sourceTree = BUILT_PRODUCTS_DIR; };
		90F4FAE4DA75CB385FBBBC34 /* Pods_Test3Tests.framework */ = {isa = PBXFileReference; explicitFileType = wrapper.framework; includeInIndex = 0; path = Pods_Test3Tests.framework; sourceTree = BUILT_PRODUCTS_DIR; };
		9B8C1EC5DB6463698A562A7E /* Pods-Test3.debug.xcconfig */ = {isa = PBXFileReference; includeInIndex = 1; lastKnownFileType = text.xcconfig; name = "Pods-Test3.debug.xcconfig"; path = "Target Support Files/Pods-Test3/Pods-Test3.debug.xcconfig"; sourceTree = "<group>"; };
		B1770FA41B4A6941EA8217E3 /* Pods-Test3UITests.debug.xcconfig */ = {isa = PBXFileReference; includeInIndex = 1; lastKnownFileType = text.xcconfig; name = "Pods-Test3UITests.debug.xcconfig"; path = "Target Support Files/Pods-Test3UITests/Pods-Test3UITests.debug.xcconfig"; sourceTree = "<group>"; };
		DC4FE6CAAD1DD8FCD6891805 /* Pods_Test3UITests.framework */ = {isa = PBXFileReference; explicitFileType = wrapper.framework; includeInIndex = 0; path = Pods_Test3UITests.framework; sourceTree = BUILT_PRODUCTS_DIR; };
		EF01A3CF1A41B98BC9595BAE /* Pods-Test3Tests.release.xcconfig */ = {isa = PBXFileReference; includeInIndex = 1; lastKnownFileType = text.xcconfig; name = "Pods-Test3Tests.release.xcconfig"; path = "Target Support Files/Pods-Test3Tests/Pods-Test3Tests.release.xcconfig"; sourceTree = "<group>"; };
/* End PBXFileReference section */

/* Begin PBXFrameworksBuildPhase section */
		59274AD322F7C14900C259BE /* Frameworks */ = {
			isa = PBXFrameworksBuildPhase;
			buildActionMask = 2147483647;
			files = (
				E572D24E8F10108E42D03F67 /* Pods_Test3.framework in Frameworks */,
			);
			runOnlyForDeploymentPostprocessing = 0;
		};
		59274AEE22F7C14A00C259BE /* Frameworks */ = {
			isa = PBXFrameworksBuildPhase;
			buildActionMask = 2147483647;
			files = (
				126D711176842D8DDA80F878 /* Pods_Test3Tests.framework in Frameworks */,
			);
			runOnlyForDeploymentPostprocessing = 0;
		};
		59274AF922F7C14B00C259BE /* Frameworks */ = {
			isa = PBXFrameworksBuildPhase;
			buildActionMask = 2147483647;
			files = (
				6BBC1247B708440387C30E76 /* Pods_Test3UITests.framework in Frameworks */,
			);
			runOnlyForDeploymentPostprocessing = 0;
		};
/* End PBXFrameworksBuildPhase section */

/* Begin PBXGroup section */
		36CE27B5A87349D2682A6FFD /* Frameworks */ = {
			isa = PBXGroup;
			children = (
				59D6FB162BFAAB6768A8E2DD /* Pods_Test3.framework */,
				90F4FAE4DA75CB385FBBBC34 /* Pods_Test3Tests.framework */,
				DC4FE6CAAD1DD8FCD6891805 /* Pods_Test3UITests.framework */,
			);
			name = Frameworks;
			sourceTree = "<group>";
		};
		59274ACD22F7C14900C259BE = {
			isa = PBXGroup;
			children = (
				59274AD822F7C14900C259BE /* Test3 */,
				59274AF422F7C14A00C259BE /* Test3Tests */,
				59274AFF22F7C14B00C259BE /* Test3UITests */,
				59274AD722F7C14900C259BE /* Products */,
				7F7CDCDB228919BB501B8A9E /* Pods */,
				36CE27B5A87349D2682A6FFD /* Frameworks */,
			);
			sourceTree = "<group>";
		};
		59274AD722F7C14900C259BE /* Products */ = {
			isa = PBXGroup;
			children = (
				59274AD622F7C14900C259BE /* Test3.app */,
				59274AF122F7C14A00C259BE /* Test3Tests.xctest */,
				59274AFC22F7C14B00C259BE /* Test3UITests.xctest */,
			);
			name = Products;
			sourceTree = "<group>";
		};
		59274AD822F7C14900C259BE /* Test3 */ = {
			isa = PBXGroup;
			children = (
				59274BBE22F7F48200C259BE /* Merchant API Client */,
				59274B5A22F7D92A00C259BE /* BraintreeCore */,
				59274AD922F7C14900C259BE /* AppDelegate.h */,
				59274ADA22F7C14900C259BE /* AppDelegate.m */,
				59274ADC22F7C14900C259BE /* ViewController.h */,
				59274ADD22F7C14900C259BE /* ViewController.m */,
				59274ADF22F7C14900C259BE /* Main.storyboard */,
				59274AE522F7C14A00C259BE /* Assets.xcassets */,
				59274AE722F7C14A00C259BE /* LaunchScreen.storyboard */,
				59274AEA22F7C14A00C259BE /* Info.plist */,
				59274AEB22F7C14A00C259BE /* main.m */,
				59274AE222F7C14900C259BE /* Test3.xcdatamodeld */,
			);
			path = Test3;
			sourceTree = "<group>";
		};
		59274AF422F7C14A00C259BE /* Test3Tests */ = {
			isa = PBXGroup;
			children = (
				59274AF522F7C14A00C259BE /* Test3Tests.m */,
				59274AF722F7C14A00C259BE /* Info.plist */,
			);
			path = Test3Tests;
			sourceTree = "<group>";
		};
		59274AFF22F7C14B00C259BE /* Test3UITests */ = {
			isa = PBXGroup;
			children = (
				59274B0022F7C14B00C259BE /* Test3UITests.m */,
				59274B0222F7C14B00C259BE /* Info.plist */,
			);
			path = Test3UITests;
			sourceTree = "<group>";
		};
		59274B5A22F7D92A00C259BE /* BraintreeCore */ = {
			isa = PBXGroup;
			children = (
				59274BA622F7D94D00C259BE /* BraintreeCard */,
				59274B5B22F7D92A00C259BE /* BTKeychain.h */,
				59274B5C22F7D92A00C259BE /* BTAPIHTTP.h */,
				59274B5D22F7D92A00C259BE /* BTHTTP.h */,
				59274B5E22F7D92A00C259BE /* BTLogger_Internal.h */,
				59274B5F22F7D92A00C259BE /* BTErrors.m */,
				59274B6022F7D92A00C259BE /* BTAnalyticsMetadata.m */,
				59274B6122F7D92A00C259BE /* BTClientToken.m */,
				59274B6222F7D92A00C259BE /* BTAPIPinnedCertificates.h */,
				59274B6322F7D92A00C259BE /* BTJSON.m */,
				59274B6422F7D92A00C259BE /* BTBinData.m */,
				59274B6522F7D92A00C259BE /* BTGraphQLHTTP.h */,
				59274B6622F7D92A00C259BE /* BTURLUtils.m */,
				59274B6722F7D92A00C259BE /* BTAPIClient.m */,
				59274B6822F7D92A00C259BE /* BTAnalyticsService.m */,
				59274B6922F7D92A00C259BE /* BTPaymentMethodNonceParser.m */,
				59274B6A22F7D92A00C259BE /* BTAppSwitch.m */,
				59274B6B22F7D92A00C259BE /* BTPaymentMethodNonce.m */,
				59274B6C22F7D92A00C259BE /* BTTokenizationService.m */,
				59274B6D22F7D92A00C259BE /* BTHTTPErrors.m */,
				59274B6E22F7D92A00C259BE /* BTHTTP.m */,
				59274B6F22F7D92A00C259BE /* BTAPIHTTP.m */,
				59274B7022F7D92A00C259BE /* BTPostalAddress.m */,
				59274B7122F7D92A00C259BE /* Public */,
				59274B8322F7D92A00C259BE /* BTLogger.m */,
				59274B8422F7D92A00C259BE /* BTKeychain.m */,
				59274B8522F7D92A00C259BE /* BTAPIPinnedCertificates.m */,
				59274B8622F7D92A00C259BE /* BTAnalyticsMetadata.h */,
				59274B8722F7D92A00C259BE /* BTURLUtils.h */,
				59274B8822F7D92A00C259BE /* BTGraphQLHTTP.m */,
				59274B8922F7D92A00C259BE /* BTClientMetadata.m */,
				59274B8A22F7D92A00C259BE /* Info-orig.plist */,
				59274B8B22F7D92A00C259BE /* BTAnalyticsService.h */,
				59274B8C22F7D92A00C259BE /* Braintree-Version.h */,
				59274B8D22F7D92A00C259BE /* BTAPIClient_Internal.h */,
				59274B8E22F7D92A00C259BE /* BTConfiguration.m */,
			);
			name = BraintreeCore;
			path = ../../Test4/BraintreeCore;
			sourceTree = "<group>";
		};
		59274B7122F7D92A00C259BE /* Public */ = {
			isa = PBXGroup;
			children = (
				59274B7222F7D92A00C259BE /* BTLogger.h */,
				59274B7322F7D92A00C259BE /* BTPostalAddress.h */,
				59274B7422F7D92A00C259BE /* BraintreeCore.h */,
				59274B7522F7D92A00C259BE /* BTClientMetadata.h */,
				59274B7622F7D92A00C259BE /* BTConfiguration.h */,
				59274B7722F7D92A00C259BE /* BTEnums.h */,
				59274B7822F7D92A00C259BE /* BTViewControllerPresentingDelegate.h */,
				59274B7922F7D92A00C259BE /* BTJSON.h */,
				59274B7A22F7D92A00C259BE /* BTClientToken.h */,
				59274B7B22F7D92A00C259BE /* BTErrors.h */,
				59274B7C22F7D92A00C259BE /* BTAPIClient.h */,
				59274B7D22F7D92A00C259BE /* BTBinData.h */,
				59274B7E22F7D92A00C259BE /* BTHTTPErrors.h */,
				59274B7F22F7D92A00C259BE /* BTTokenizationService.h */,
				59274B8022F7D92A00C259BE /* BTPaymentMethodNonce.h */,
				59274B8122F7D92A00C259BE /* BTAppSwitch.h */,
				59274B8222F7D92A00C259BE /* BTPaymentMethodNonceParser.h */,
			);
			path = Public;
			sourceTree = "<group>";
		};
		59274BA622F7D94D00C259BE /* BraintreeCard */ = {
			isa = PBXGroup;
			children = (
				59274BA722F7D94D00C259BE /* BTConfiguration+Card.m */,
				59274BA822F7D94D00C259BE /* BTCardNonce.m */,
				59274BA922F7D94D00C259BE /* BTCard_Internal.h */,
				59274BAA22F7D94D00C259BE /* BTConfiguration+Card.h */,
				59274BAB22F7D94D00C259BE /* BTCardNonce_Internal.h */,
				59274BAC22F7D94D00C259BE /* BTCardRequest.m */,
				59274BAD22F7D94D00C259BE /* BTCardClient.m */,
				59274BAE22F7D94D00C259BE /* BTCard.m */,
				59274BAF22F7D94D00C259BE /* Public */,
				59274BB622F7D94D00C259BE /* BTThreeDSecureInfo.m */,
				59274BB722F7D94D00C259BE /* BTCardClient_Internal.h */,
			);
			name = BraintreeCard;
			path = ../BraintreeCard;
			sourceTree = "<group>";
		};
		59274BAF22F7D94D00C259BE /* Public */ = {
			isa = PBXGroup;
			children = (
				59274BB022F7D94D00C259BE /* BTCard.h */,
				59274BB122F7D94D00C259BE /* BTCardClient.h */,
				59274BB222F7D94D00C259BE /* BTCardRequest.h */,
				59274BB322F7D94D00C259BE /* BTThreeDSecureInfo.h */,
				59274BB422F7D94D00C259BE /* BraintreeCard.h */,
				59274BB522F7D94D00C259BE /* BTCardNonce.h */,
			);
			path = Public;
			sourceTree = "<group>";
		};
		59274BBE22F7F48200C259BE /* Merchant API Client */ = {
			isa = PBXGroup;
			children = (
				59274BC222F7F7E800C259BE /* Demo Base */,
				59274BBF22F7F48200C259BE /* BraintreeDemoMerchantAPI.m */,
				59274BC022F7F48200C259BE /* BraintreeDemoMerchantAPI.h */,
			);
			path = "Merchant API Client";
			sourceTree = "<group>";
		};
		59274BC222F7F7E800C259BE /* Demo Base */ = {
			isa = PBXGroup;
			children = (
				59274BC322F7F7E800C259BE /* Settings */,
				59274BC722F7F7E800C259BE /* BraintreeDemoIntegrationViewController.m */,
				59274BC822F7F7E800C259BE /* BraintreeDemoDemoContainmentViewController.m */,
				59274BC922F7F7E800C259BE /* Base View Controllers */,
				59274BCE22F7F7E800C259BE /* BraintreeDemoAppDelegate.m */,
				59274BCF22F7F7E800C259BE /* BraintreeDemoDemoContainmentViewController.h */,
				59274BD022F7F7E800C259BE /* BraintreeDemoIntegrationViewController.h */,
				59274BD122F7F7E800C259BE /* BraintreeDemoAppDelegate.h */,
				59274BD222F7F7E800C259BE /* Launch Screen.storyboard */,
			);
			path = "Demo Base";
			sourceTree = "<group>";
		};
		59274BC322F7F7E800C259BE /* Settings */ = {
			isa = PBXGroup;
			children = (
				59274BC422F7F7E800C259BE /* BraintreeDemoSettings.m */,
				59274BC522F7F7E800C259BE /* Settings.bundle */,
				59274BC622F7F7E800C259BE /* BraintreeDemoSettings.h */,
			);
			path = Settings;
			sourceTree = "<group>";
		};
		59274BC922F7F7E800C259BE /* Base View Controllers */ = {
			isa = PBXGroup;
			children = (
				59274BCA22F7F7E800C259BE /* BraintreeDemoPaymentButtonBaseViewController.m */,
				59274BCB22F7F7E800C259BE /* BraintreeDemoBaseViewController.m */,
				59274BCC22F7F7E800C259BE /* BraintreeDemoPaymentButtonBaseViewController.h */,
				59274BCD22F7F7E800C259BE /* BraintreeDemoBaseViewController.h */,
			);
			path = "Base View Controllers";
			sourceTree = "<group>";
		};
		7F7CDCDB228919BB501B8A9E /* Pods */ = {
			isa = PBXGroup;
			children = (
				9B8C1EC5DB6463698A562A7E /* Pods-Test3.debug.xcconfig */,
				4DEB40CF2B94E0124B1CDFDD /* Pods-Test3.release.xcconfig */,
				057E86F8C9B7ADD525659640 /* Pods-Test3Tests.debug.xcconfig */,
				EF01A3CF1A41B98BC9595BAE /* Pods-Test3Tests.release.xcconfig */,
				B1770FA41B4A6941EA8217E3 /* Pods-Test3UITests.debug.xcconfig */,
				1D6998733A28D304A558B59E /* Pods-Test3UITests.release.xcconfig */,
			);
			path = Pods;
			sourceTree = "<group>";
		};
/* End PBXGroup section */

/* Begin PBXNativeTarget section */
		59274AD522F7C14900C259BE /* Test3 */ = {
			isa = PBXNativeTarget;
			buildConfigurationList = 59274B0522F7C14B00C259BE /* Build configuration list for PBXNativeTarget "Test3" */;
			buildPhases = (
				09A21648455F87EFCB3AE66B /* [CP] Check Pods Manifest.lock */,
				59274AD222F7C14900C259BE /* Sources */,
				59274AD322F7C14900C259BE /* Frameworks */,
				59274AD422F7C14900C259BE /* Resources */,
				34EF57BDC5121E8CDD670FBF /* [CP] Embed Pods Frameworks */,
			);
			buildRules = (
			);
			dependencies = (
			);
			name = Test3;
			productName = Test3;
			productReference = 59274AD622F7C14900C259BE /* Test3.app */;
			productType = "com.apple.product-type.application";
		};
		59274AF022F7C14A00C259BE /* Test3Tests */ = {
			isa = PBXNativeTarget;
			buildConfigurationList = 59274B0822F7C14B00C259BE /* Build configuration list for PBXNativeTarget "Test3Tests" */;
			buildPhases = (
				73F6B25B2584B82E2EC1F4FF /* [CP] Check Pods Manifest.lock */,
				59274AED22F7C14A00C259BE /* Sources */,
				59274AEE22F7C14A00C259BE /* Frameworks */,
				59274AEF22F7C14A00C259BE /* Resources */,
			);
			buildRules = (
			);
			dependencies = (
				59274AF322F7C14A00C259BE /* PBXTargetDependency */,
			);
			name = Test3Tests;
			productName = Test3Tests;
			productReference = 59274AF122F7C14A00C259BE /* Test3Tests.xctest */;
			productType = "com.apple.product-type.bundle.unit-test";
		};
		59274AFB22F7C14B00C259BE /* Test3UITests */ = {
			isa = PBXNativeTarget;
			buildConfigurationList = 59274B0B22F7C14B00C259BE /* Build configuration list for PBXNativeTarget "Test3UITests" */;
			buildPhases = (
				684B4E54CF6141E2F5012A85 /* [CP] Check Pods Manifest.lock */,
				59274AF822F7C14B00C259BE /* Sources */,
				59274AF922F7C14B00C259BE /* Frameworks */,
				59274AFA22F7C14B00C259BE /* Resources */,
			);
			buildRules = (
			);
			dependencies = (
				59274AFE22F7C14B00C259BE /* PBXTargetDependency */,
			);
			name = Test3UITests;
			productName = Test3UITests;
			productReference = 59274AFC22F7C14B00C259BE /* Test3UITests.xctest */;
			productType = "com.apple.product-type.bundle.ui-testing";
		};
/* End PBXNativeTarget section */

/* Begin PBXProject section */
		59274ACE22F7C14900C259BE /* Project object */ = {
			isa = PBXProject;
			attributes = {
				LastUpgradeCheck = 1030;
				ORGANIZATIONNAME = "PymbleSoftware Pty Ltd";
				TargetAttributes = {
					59274AD522F7C14900C259BE = {
						CreatedOnToolsVersion = 10.3;
					};
					59274AF022F7C14A00C259BE = {
						CreatedOnToolsVersion = 10.3;
						TestTargetID = 59274AD522F7C14900C259BE;
					};
					59274AFB22F7C14B00C259BE = {
						CreatedOnToolsVersion = 10.3;
						TestTargetID = 59274AD522F7C14900C259BE;
					};
				};
			};
			buildConfigurationList = 59274AD122F7C14900C259BE /* Build configuration list for PBXProject "Test3" */;
			compatibilityVersion = "Xcode 9.3";
			developmentRegion = en;
			hasScannedForEncodings = 0;
			knownRegions = (
				en,
				Base,
			);
			mainGroup = 59274ACD22F7C14900C259BE;
			productRefGroup = 59274AD722F7C14900C259BE /* Products */;
			projectDirPath = "";
			projectRoot = "";
			targets = (
				59274AD522F7C14900C259BE /* Test3 */,
				59274AF022F7C14A00C259BE /* Test3Tests */,
				59274AFB22F7C14B00C259BE /* Test3UITests */,
			);
		};
/* End PBXProject section */

/* Begin PBXResourcesBuildPhase section */
		59274AD422F7C14900C259BE /* Resources */ = {
			isa = PBXResourcesBuildPhase;
			buildActionMask = 2147483647;
			files = (
				59274BDA22F7F7E800C259BE /* Launch Screen.storyboard in Resources */,
				59274AE922F7C14A00C259BE /* LaunchScreen.storyboard in Resources */,
				59274AE622F7C14A00C259BE /* Assets.xcassets in Resources */,
				59274BD422F7F7E800C259BE /* Settings.bundle in Resources */,
				59274BA422F7D92A00C259BE /* Info-orig.plist in Resources */,
				59274AE122F7C14900C259BE /* Main.storyboard in Resources */,
			);
			runOnlyForDeploymentPostprocessing = 0;
		};
		59274AEF22F7C14A00C259BE /* Resources */ = {
			isa = PBXResourcesBuildPhase;
			buildActionMask = 2147483647;
			files = (
			);
			runOnlyForDeploymentPostprocessing = 0;
		};
		59274AFA22F7C14B00C259BE /* Resources */ = {
			isa = PBXResourcesBuildPhase;
			buildActionMask = 2147483647;
			files = (
			);
			runOnlyForDeploymentPostprocessing = 0;
		};
/* End PBXResourcesBuildPhase section */

/* Begin PBXShellScriptBuildPhase section */
		09A21648455F87EFCB3AE66B /* [CP] Check Pods Manifest.lock */ = {
			isa = PBXShellScriptBuildPhase;
			buildActionMask = 2147483647;
			files = (
			);
			inputFileListPaths = (
			);
			inputPaths = (
				"${PODS_PODFILE_DIR_PATH}/Podfile.lock",
				"${PODS_ROOT}/Manifest.lock",
			);
			name = "[CP] Check Pods Manifest.lock";
			outputFileListPaths = (
			);
			outputPaths = (
				"$(DERIVED_FILE_DIR)/Pods-Test3-checkManifestLockResult.txt",
			);
			runOnlyForDeploymentPostprocessing = 0;
			shellPath = /bin/sh;
			shellScript = "diff \"${PODS_PODFILE_DIR_PATH}/Podfile.lock\" \"${PODS_ROOT}/Manifest.lock\" > /dev/null\nif [ $? != 0 ] ; then\n    # print error to STDERR\n    echo \"error: The sandbox is not in sync with the Podfile.lock. Run 'pod install' or update your CocoaPods installation.\" >&2\n    exit 1\nfi\n# This output is used by Xcode 'outputs' to avoid re-running this script phase.\necho \"SUCCESS\" > \"${SCRIPT_OUTPUT_FILE_0}\"\n";
			showEnvVarsInLog = 0;
		};
		34EF57BDC5121E8CDD670FBF /* [CP] Embed Pods Frameworks */ = {
			isa = PBXShellScriptBuildPhase;
			buildActionMask = 2147483647;
			files = (
			);
			inputFileListPaths = (
				"${PODS_ROOT}/Target Support Files/Pods-Test3/Pods-Test3-frameworks-${CONFIGURATION}-input-files.xcfilelist",
			);
			name = "[CP] Embed Pods Frameworks";
			outputFileListPaths = (
				"${PODS_ROOT}/Target Support Files/Pods-Test3/Pods-Test3-frameworks-${CONFIGURATION}-output-files.xcfilelist",
			);
			runOnlyForDeploymentPostprocessing = 0;
			shellPath = /bin/sh;
			shellScript = "\"${PODS_ROOT}/Target Support Files/Pods-Test3/Pods-Test3-frameworks.sh\"\n";
			showEnvVarsInLog = 0;
		};
		684B4E54CF6141E2F5012A85 /* [CP] Check Pods Manifest.lock */ = {
			isa = PBXShellScriptBuildPhase;
			buildActionMask = 2147483647;
			files = (
			);
			inputFileListPaths = (
			);
			inputPaths = (
				"${PODS_PODFILE_DIR_PATH}/Podfile.lock",
				"${PODS_ROOT}/Manifest.lock",
			);
			name = "[CP] Check Pods Manifest.lock";
			outputFileListPaths = (
			);
			outputPaths = (
				"$(DERIVED_FILE_DIR)/Pods-Test3UITests-checkManifestLockResult.txt",
			);
			runOnlyForDeploymentPostprocessing = 0;
			shellPath = /bin/sh;
			shellScript = "diff \"${PODS_PODFILE_DIR_PATH}/Podfile.lock\" \"${PODS_ROOT}/Manifest.lock\" > /dev/null\nif [ $? != 0 ] ; then\n    # print error to STDERR\n    echo \"error: The sandbox is not in sync with the Podfile.lock. Run 'pod install' or update your CocoaPods installation.\" >&2\n    exit 1\nfi\n# This output is used by Xcode 'outputs' to avoid re-running this script phase.\necho \"SUCCESS\" > \"${SCRIPT_OUTPUT_FILE_0}\"\n";
			showEnvVarsInLog = 0;
		};
		73F6B25B2584B82E2EC1F4FF /* [CP] Check Pods Manifest.lock */ = {
			isa = PBXShellScriptBuildPhase;
			buildActionMask = 2147483647;
			files = (
			);
			inputFileListPaths = (
			);
			inputPaths = (
				"${PODS_PODFILE_DIR_PATH}/Podfile.lock",
				"${PODS_ROOT}/Manifest.lock",
			);
			name = "[CP] Check Pods Manifest.lock";
			outputFileListPaths = (
			);
			outputPaths = (
				"$(DERIVED_FILE_DIR)/Pods-Test3Tests-checkManifestLockResult.txt",
			);
			runOnlyForDeploymentPostprocessing = 0;
			shellPath = /bin/sh;
			shellScript = "diff \"${PODS_PODFILE_DIR_PATH}/Podfile.lock\" \"${PODS_ROOT}/Manifest.lock\" > /dev/null\nif [ $? != 0 ] ; then\n    # print error to STDERR\n    echo \"error: The sandbox is not in sync with the Podfile.lock. Run 'pod install' or update your CocoaPods installation.\" >&2\n    exit 1\nfi\n# This output is used by Xcode 'outputs' to avoid re-running this script phase.\necho \"SUCCESS\" > \"${SCRIPT_OUTPUT_FILE_0}\"\n";
			showEnvVarsInLog = 0;
		};
/* End PBXShellScriptBuildPhase section */

/* Begin PBXSourcesBuildPhase section */
		59274AD222F7C14900C259BE /* Sources */ = {
			isa = PBXSourcesBuildPhase;
			buildActionMask = 2147483647;
			files = (
				59274B9D22F7D92A00C259BE /* BTAPIHTTP.m in Sources */,
				59274B9822F7D92A00C259BE /* BTAppSwitch.m in Sources */,
				59274BB822F7D94D00C259BE /* BTConfiguration+Card.m in Sources */,
				59274B9422F7D92A00C259BE /* BTURLUtils.m in Sources */,
				59274B9622F7D92A00C259BE /* BTAnalyticsService.m in Sources */,
				59274BC122F7F48200C259BE /* BraintreeDemoMerchantAPI.m in Sources */,
				59274AE422F7C14900C259BE /* Test3.xcdatamodeld in Sources */,
				59274B9922F7D92A00C259BE /* BTPaymentMethodNonce.m in Sources */,
				59274B9122F7D92A00C259BE /* BTClientToken.m in Sources */,
				59274BD822F7F7E800C259BE /* BraintreeDemoBaseViewController.m in Sources */,
				59274ADE22F7C14900C259BE /* ViewController.m in Sources */,
				59274BBA22F7D94D00C259BE /* BTCardRequest.m in Sources */,
				59274B9F22F7D92A00C259BE /* BTLogger.m in Sources */,
				59274BD622F7F7E800C259BE /* BraintreeDemoDemoContainmentViewController.m in Sources */,
				59274B9222F7D92A00C259BE /* BTJSON.m in Sources */,
				59274B8F22F7D92A00C259BE /* BTErrors.m in Sources */,
				59274BA222F7D92A00C259BE /* BTGraphQLHTTP.m in Sources */,
				59274B9722F7D92A00C259BE /* BTPaymentMethodNonceParser.m in Sources */,
				59274BA122F7D92A00C259BE /* BTAPIPinnedCertificates.m in Sources */,
				59274BD922F7F7E800C259BE /* BraintreeDemoAppDelegate.m in Sources */,
				59274BD522F7F7E800C259BE /* BraintreeDemoIntegrationViewController.m in Sources */,
				59274B9C22F7D92A00C259BE /* BTHTTP.m in Sources */,
				59274AEC22F7C14A00C259BE /* main.m in Sources */,
				59274B9522F7D92A00C259BE /* BTAPIClient.m in Sources */,
				59274B9022F7D92A00C259BE /* BTAnalyticsMetadata.m in Sources */,
				59274BBD22F7D94D00C259BE /* BTThreeDSecureInfo.m in Sources */,
				59274BBC22F7D94D00C259BE /* BTCard.m in Sources */,
				59274BB922F7D94D00C259BE /* BTCardNonce.m in Sources */,
				59274B9322F7D92A00C259BE /* BTBinData.m in Sources */,
				59274BD722F7F7E800C259BE /* BraintreeDemoPaymentButtonBaseViewController.m in Sources */,
				59274B9B22F7D92A00C259BE /* BTHTTPErrors.m in Sources */,
				59274BA322F7D92A00C259BE /* BTClientMetadata.m in Sources */,
				59274B9A22F7D92A00C259BE /* BTTokenizationService.m in Sources */,
				59274BA522F7D92A00C259BE /* BTConfiguration.m in Sources */,
				59274BBB22F7D94D00C259BE /* BTCardClient.m in Sources */,
				59274ADB22F7C14900C259BE /* AppDelegate.m in Sources */,
				59274BA022F7D92A00C259BE /* BTKeychain.m in Sources */,
				59274BD322F7F7E800C259BE /* BraintreeDemoSettings.m in Sources */,
				59274B9E22F7D92A00C259BE /* BTPostalAddress.m in Sources */,
			);
			runOnlyForDeploymentPostprocessing = 0;
		};
		59274AED22F7C14A00C259BE /* Sources */ = {
			isa = PBXSourcesBuildPhase;
			buildActionMask = 2147483647;
			files = (
				59274AF622F7C14A00C259BE /* Test3Tests.m in Sources */,
			);
			runOnlyForDeploymentPostprocessing = 0;
		};
		59274AF822F7C14B00C259BE /* Sources */ = {
			isa = PBXSourcesBuildPhase;
			buildActionMask = 2147483647;
			files = (
				59274B0122F7C14B00C259BE /* Test3UITests.m in Sources */,
			);
			runOnlyForDeploymentPostprocessing = 0;
		};
/* End PBXSourcesBuildPhase section */

/* Begin PBXTargetDependency section */
		59274AF322F7C14A00C259BE /* PBXTargetDependency */ = {
			isa = PBXTargetDependency;
			target = 59274AD522F7C14900C259BE /* Test3 */;
			targetProxy = 59274AF222F7C14A00C259BE /* PBXContainerItemProxy */;
		};
		59274AFE22F7C14B00C259BE /* PBXTargetDependency */ = {
			isa = PBXTargetDependency;
			target = 59274AD522F7C14900C259BE /* Test3 */;
			targetProxy = 59274AFD22F7C14B00C259BE /* PBXContainerItemProxy */;
		};
/* End PBXTargetDependency section */

/* Begin PBXVariantGroup section */
		59274ADF22F7C14900C259BE /* Main.storyboard */ = {
			isa = PBXVariantGroup;
			children = (
				59274AE022F7C14900C259BE /* Base */,
			);
			name = Main.storyboard;
			sourceTree = "<group>";
		};
		59274AE722F7C14A00C259BE /* LaunchScreen.storyboard */ = {
			isa = PBXVariantGroup;
			children = (
				59274AE822F7C14A00C259BE /* Base */,
			);
			name = LaunchScreen.storyboard;
			sourceTree = "<group>";
		};
/* End PBXVariantGroup section */

/* Begin XCBuildConfiguration section */
		59274B0322F7C14B00C259BE /* Debug */ = {
			isa = XCBuildConfiguration;
			buildSettings = {
				ALWAYS_SEARCH_USER_PATHS = NO;
				CLANG_ANALYZER_NONNULL = YES;
				CLANG_ANALYZER_NUMBER_OBJECT_CONVERSION = YES_AGGRESSIVE;
				CLANG_CXX_LANGUAGE_STANDARD = "gnu++14";
				CLANG_CXX_LIBRARY = "libc++";
				CLANG_ENABLE_MODULES = YES;
				CLANG_ENABLE_OBJC_ARC = YES;
				CLANG_ENABLE_OBJC_WEAK = YES;
				CLANG_WARN_BLOCK_CAPTURE_AUTORELEASING = YES;
				CLANG_WARN_BOOL_CONVERSION = YES;
				CLANG_WARN_COMMA = YES;
				CLANG_WARN_CONSTANT_CONVERSION = YES;
				CLANG_WARN_DEPRECATED_OBJC_IMPLEMENTATIONS = YES;
				CLANG_WARN_DIRECT_OBJC_ISA_USAGE = YES_ERROR;
				CLANG_WARN_DOCUMENTATION_COMMENTS = YES;
				CLANG_WARN_EMPTY_BODY = YES;
				CLANG_WARN_ENUM_CONVERSION = YES;
				CLANG_WARN_INFINITE_RECURSION = YES;
				CLANG_WARN_INT_CONVERSION = YES;
				CLANG_WARN_NON_LITERAL_NULL_CONVERSION = YES;
				CLANG_WARN_OBJC_IMPLICIT_RETAIN_SELF = YES;
				CLANG_WARN_OBJC_LITERAL_CONVERSION = YES;
				CLANG_WARN_OBJC_ROOT_CLASS = YES_ERROR;
				CLANG_WARN_RANGE_LOOP_ANALYSIS = YES;
				CLANG_WARN_STRICT_PROTOTYPES = YES;
				CLANG_WARN_SUSPICIOUS_MOVE = YES;
				CLANG_WARN_UNGUARDED_AVAILABILITY = YES_AGGRESSIVE;
				CLANG_WARN_UNREACHABLE_CODE = YES;
				CLANG_WARN__DUPLICATE_METHOD_MATCH = YES;
				CODE_SIGN_IDENTITY = "iPhone Developer";
				COPY_PHASE_STRIP = NO;
				DEBUG_INFORMATION_FORMAT = dwarf;
				ENABLE_STRICT_OBJC_MSGSEND = YES;
				ENABLE_TESTABILITY = YES;
				GCC_C_LANGUAGE_STANDARD = gnu11;
				GCC_DYNAMIC_NO_PIC = NO;
				GCC_NO_COMMON_BLOCKS = YES;
				GCC_OPTIMIZATION_LEVEL = 0;
				GCC_PREPROCESSOR_DEFINITIONS = (
					"DEBUG=1",
					"$(inherited)",
				);
				GCC_WARN_64_TO_32_BIT_CONVERSION = YES;
				GCC_WARN_ABOUT_RETURN_TYPE = YES_ERROR;
				GCC_WARN_UNDECLARED_SELECTOR = YES;
				GCC_WARN_UNINITIALIZED_AUTOS = YES_AGGRESSIVE;
				GCC_WARN_UNUSED_FUNCTION = YES;
				GCC_WARN_UNUSED_VARIABLE = YES;
				IPHONEOS_DEPLOYMENT_TARGET = 12.4;
				MTL_ENABLE_DEBUG_INFO = INCLUDE_SOURCE;
				MTL_FAST_MATH = YES;
				ONLY_ACTIVE_ARCH = YES;
				SDKROOT = iphoneos;
			};
			name = Debug;
		};
		59274B0422F7C14B00C259BE /* Release */ = {
			isa = XCBuildConfiguration;
			buildSettings = {
				ALWAYS_SEARCH_USER_PATHS = NO;
				CLANG_ANALYZER_NONNULL = YES;
				CLANG_ANALYZER_NUMBER_OBJECT_CONVERSION = YES_AGGRESSIVE;
				CLANG_CXX_LANGUAGE_STANDARD = "gnu++14";
				CLANG_CXX_LIBRARY = "libc++";
				CLANG_ENABLE_MODULES = YES;
				CLANG_ENABLE_OBJC_ARC = YES;
				CLANG_ENABLE_OBJC_WEAK = YES;
				CLANG_WARN_BLOCK_CAPTURE_AUTORELEASING = YES;
				CLANG_WARN_BOOL_CONVERSION = YES;
				CLANG_WARN_COMMA = YES;
				CLANG_WARN_CONSTANT_CONVERSION = YES;
				CLANG_WARN_DEPRECATED_OBJC_IMPLEMENTATIONS = YES;
				CLANG_WARN_DIRECT_OBJC_ISA_USAGE = YES_ERROR;
				CLANG_WARN_DOCUMENTATION_COMMENTS = YES;
				CLANG_WARN_EMPTY_BODY = YES;
				CLANG_WARN_ENUM_CONVERSION = YES;
				CLANG_WARN_INFINITE_RECURSION = YES;
				CLANG_WARN_INT_CONVERSION = YES;
				CLANG_WARN_NON_LITERAL_NULL_CONVERSION = YES;
				CLANG_WARN_OBJC_IMPLICIT_RETAIN_SELF = YES;
				CLANG_WARN_OBJC_LITERAL_CONVERSION = YES;
				CLANG_WARN_OBJC_ROOT_CLASS = YES_ERROR;
				CLANG_WARN_RANGE_LOOP_ANALYSIS = YES;
				CLANG_WARN_STRICT_PROTOTYPES = YES;
				CLANG_WARN_SUSPICIOUS_MOVE = YES;
				CLANG_WARN_UNGUARDED_AVAILABILITY = YES_AGGRESSIVE;
				CLANG_WARN_UNREACHABLE_CODE = YES;
				CLANG_WARN__DUPLICATE_METHOD_MATCH = YES;
				CODE_SIGN_IDENTITY = "iPhone Developer";
				COPY_PHASE_STRIP = NO;
				DEBUG_INFORMATION_FORMAT = "dwarf-with-dsym";
				ENABLE_NS_ASSERTIONS = NO;
				ENABLE_STRICT_OBJC_MSGSEND = YES;
				GCC_C_LANGUAGE_STANDARD = gnu11;
				GCC_NO_COMMON_BLOCKS = YES;
				GCC_WARN_64_TO_32_BIT_CONVERSION = YES;
				GCC_WARN_ABOUT_RETURN_TYPE = YES_ERROR;
				GCC_WARN_UNDECLARED_SELECTOR = YES;
				GCC_WARN_UNINITIALIZED_AUTOS = YES_AGGRESSIVE;
				GCC_WARN_UNUSED_FUNCTION = YES;
				GCC_WARN_UNUSED_VARIABLE = YES;
				IPHONEOS_DEPLOYMENT_TARGET = 12.4;
				MTL_ENABLE_DEBUG_INFO = NO;
				MTL_FAST_MATH = YES;
				SDKROOT = iphoneos;
				VALIDATE_PRODUCT = YES;
			};
			name = Release;
		};
		59274B0622F7C14B00C259BE /* Debug */ = {
			isa = XCBuildConfiguration;
			baseConfigurationReference = 9B8C1EC5DB6463698A562A7E /* Pods-Test3.debug.xcconfig */;
			buildSettings = {
				ASSETCATALOG_COMPILER_APPICON_NAME = AppIcon;
				CODE_SIGN_STYLE = Automatic;
				DEVELOPMENT_TEAM = HUBV63PDP4;
				INFOPLIST_FILE = Test3/Info.plist;
				LD_RUNPATH_SEARCH_PATHS = (
					"$(inherited)",
					"@executable_path/Frameworks",
				);
				PRODUCT_BUNDLE_IDENTIFIER = com.pymblesoftware.Test3;
				PRODUCT_NAME = "$(TARGET_NAME)";
				TARGETED_DEVICE_FAMILY = "1,2";
			};
			name = Debug;
		};
		59274B0722F7C14B00C259BE /* Release */ = {
			isa = XCBuildConfiguration;
			baseConfigurationReference = 4DEB40CF2B94E0124B1CDFDD /* Pods-Test3.release.xcconfig */;
			buildSettings = {
				ASSETCATALOG_COMPILER_APPICON_NAME = AppIcon;
				CODE_SIGN_STYLE = Automatic;
				DEVELOPMENT_TEAM = HUBV63PDP4;
				INFOPLIST_FILE = Test3/Info.plist;
				LD_RUNPATH_SEARCH_PATHS = (
					"$(inherited)",
					"@executable_path/Frameworks",
				);
				PRODUCT_BUNDLE_IDENTIFIER = com.pymblesoftware.Test3;
				PRODUCT_NAME = "$(TARGET_NAME)";
				TARGETED_DEVICE_FAMILY = "1,2";
			};
			name = Release;
		};
		59274B0922F7C14B00C259BE /* Debug */ = {
			isa = XCBuildConfiguration;
			baseConfigurationReference = 057E86F8C9B7ADD525659640 /* Pods-Test3Tests.debug.xcconfig */;
			buildSettings = {
				BUNDLE_LOADER = "$(TEST_HOST)";
				CODE_SIGN_STYLE = Automatic;
				DEVELOPMENT_TEAM = HUBV63PDP4;
				INFOPLIST_FILE = Test3Tests/Info.plist;
				LD_RUNPATH_SEARCH_PATHS = (
					"$(inherited)",
					"@executable_path/Frameworks",
					"@loader_path/Frameworks",
				);
				PRODUCT_BUNDLE_IDENTIFIER = com.pymblesoftware.Test3Tests;
				PRODUCT_NAME = "$(TARGET_NAME)";
				TARGETED_DEVICE_FAMILY = "1,2";
				TEST_HOST = "$(BUILT_PRODUCTS_DIR)/Test3.app/Test3";
			};
			name = Debug;
		};
		59274B0A22F7C14B00C259BE /* Release */ = {
			isa = XCBuildConfiguration;
			baseConfigurationReference = EF01A3CF1A41B98BC9595BAE /* Pods-Test3Tests.release.xcconfig */;
			buildSettings = {
				BUNDLE_LOADER = "$(TEST_HOST)";
				CODE_SIGN_STYLE = Automatic;
				DEVELOPMENT_TEAM = HUBV63PDP4;
				INFOPLIST_FILE = Test3Tests/Info.plist;
				LD_RUNPATH_SEARCH_PATHS = (
					"$(inherited)",
					"@executable_path/Frameworks",
					"@loader_path/Frameworks",
				);
				PRODUCT_BUNDLE_IDENTIFIER = com.pymblesoftware.Test3Tests;
				PRODUCT_NAME = "$(TARGET_NAME)";
				TARGETED_DEVICE_FAMILY = "1,2";
				TEST_HOST = "$(BUILT_PRODUCTS_DIR)/Test3.app/Test3";
			};
			name = Release;
		};
		59274B0C22F7C14B00C259BE /* Debug */ = {
			isa = XCBuildConfiguration;
			baseConfigurationReference = B1770FA41B4A6941EA8217E3 /* Pods-Test3UITests.debug.xcconfig */;
			buildSettings = {
				CODE_SIGN_STYLE = Automatic;
				DEVELOPMENT_TEAM = HUBV63PDP4;
				INFOPLIST_FILE = Test3UITests/Info.plist;
				LD_RUNPATH_SEARCH_PATHS = (
					"$(inherited)",
					"@executable_path/Frameworks",
					"@loader_path/Frameworks",
				);
				PRODUCT_BUNDLE_IDENTIFIER = com.pymblesoftware.Test3UITests;
				PRODUCT_NAME = "$(TARGET_NAME)";
				TARGETED_DEVICE_FAMILY = "1,2";
				TEST_TARGET_NAME = Test3;
			};
			name = Debug;
		};
		59274B0D22F7C14B00C259BE /* Release */ = {
			isa = XCBuildConfiguration;
			baseConfigurationReference = 1D6998733A28D304A558B59E /* Pods-Test3UITests.release.xcconfig */;
			buildSettings = {
				CODE_SIGN_STYLE = Automatic;
				DEVELOPMENT_TEAM = HUBV63PDP4;
				INFOPLIST_FILE = Test3UITests/Info.plist;
				LD_RUNPATH_SEARCH_PATHS = (
					"$(inherited)",
					"@executable_path/Frameworks",
					"@loader_path/Frameworks",
				);
				PRODUCT_BUNDLE_IDENTIFIER = com.pymblesoftware.Test3UITests;
				PRODUCT_NAME = "$(TARGET_NAME)";
				TARGETED_DEVICE_FAMILY = "1,2";
				TEST_TARGET_NAME = Test3;
			};
			name = Release;
		};
/* End XCBuildConfiguration section */

/* Begin XCConfigurationList section */
		59274AD122F7C14900C259BE /* Build configuration list for PBXProject "Test3" */ = {
			isa = XCConfigurationList;
			buildConfigurations = (
				59274B0322F7C14B00C259BE /* Debug */,
				59274B0422F7C14B00C259BE /* Release */,
			);
			defaultConfigurationIsVisible = 0;
			defaultConfigurationName = Release;
		};
		59274B0522F7C14B00C259BE /* Build configuration list for PBXNativeTarget "Test3" */ = {
			isa = XCConfigurationList;
			buildConfigurations = (
				59274B0622F7C14B00C259BE /* Debug */,
				59274B0722F7C14B00C259BE /* Release */,
			);
			defaultConfigurationIsVisible = 0;
			defaultConfigurationName = Release;
		};
		59274B0822F7C14B00C259BE /* Build configuration list for PBXNativeTarget "Test3Tests" */ = {
			isa = XCConfigurationList;
			buildConfigurations = (
				59274B0922F7C14B00C259BE /* Debug */,
				59274B0A22F7C14B00C259BE /* Release */,
			);
			defaultConfigurationIsVisible = 0;
			defaultConfigurationName = Release;
		};
		59274B0B22F7C14B00C259BE /* Build configuration list for PBXNativeTarget "Test3UITests" */ = {
			isa = XCConfigurationList;
			buildConfigurations = (
				59274B0C22F7C14B00C259BE /* Debug */,
				59274B0D22F7C14B00C259BE /* Release */,
			);
			defaultConfigurationIsVisible = 0;
			defaultConfigurationName = Release;
		};
/* End XCConfigurationList section */

/* Begin XCVersionGroup section */
		59274AE222F7C14900C259BE /* Test3.xcdatamodeld */ = {
			isa = XCVersionGroup;
			children = (
				59274AE322F7C14900C259BE /* Test3.xcdatamodel */,
			);
			currentVersion = 59274AE322F7C14900C259BE /* Test3.xcdatamodel */;
			path = Test3.xcdatamodeld;
			sourceTree = "<group>";
			versionGroupType = wrapper.xcdatamodel;
		};
/* End XCVersionGroup section */
	};
	rootObject = 59274ACE22F7C14900C259BE /* Project object */;
}
